github.com/hashicorp/go-version v1.7.0 h1:5tqGy27NaOTB8yJKUZELlFAS/LTKJkrmONwQKeRZfjY=
github.com/hashicorp/go-version v1.7.0/go.mod h1:fltr4n8CU8Ke44wwGCBoEymUuxUHl09ZGVZPK5anwXA=
github.com/tebeka/go2xunit v1.4.10 h1:0UO+9YoLpXTZ0DL9XbTmIIibgmKBGiwroo8uhFMSyR0=
github.com/tebeka/go2xunit v1.4.10/go.mod h1:wmc9jKT7KlU4QLU6DNTaIXNnYNOjKKNlp6mjOS0UrqY=

